// !$*UTF8*$!
{
	archiveVersion = 1;
	classes = {
	};
	objectVersion = 56;
	objects = {

/* Begin PBXBuildFile section */
		0E1BD29F2B96256400D44FED /* AppDelegate.swift in Sources */ = {isa = PBXBuildFile; fileRef = 0E1BD29E2B96256400D44FED /* AppDelegate.swift */; };
		0E1BD2A32B96256400D44FED /* ViewController.swift in Sources */ = {isa = PBXBuildFile; fileRef = 0E1BD2A22B96256400D44FED /* ViewController.swift */; };
		0E1BD2A62B96256400D44FED /* Main.storyboard in Resources */ = {isa = PBXBuildFile; fileRef = 0E1BD2A42B96256400D44FED /* Main.storyboard */; };
		0E1BD2A82B96256600D44FED /* Assets.xcassets in Resources */ = {isa = PBXBuildFile; fileRef = 0E1BD2A72B96256600D44FED /* Assets.xcassets */; };
		0E1BD2B22B96256600D44FED /* EyeTrackerTests.swift in Sources */ = {isa = PBXBuildFile; fileRef = 0E1BD2B12B96256600D44FED /* EyeTrackerTests.swift */; };
		0E1BD2BC2B96256600D44FED /* EyeTrackerUITests.swift in Sources */ = {isa = PBXBuildFile; fileRef = 0E1BD2BB2B96256600D44FED /* EyeTrackerUITests.swift */; };
		0E1BD2BE2B96256600D44FED /* EyeTrackerUITestsLaunchTests.swift in Sources */ = {isa = PBXBuildFile; fileRef = 0E1BD2BD2B96256600D44FED /* EyeTrackerUITestsLaunchTests.swift */; };
		0E22542F2B970FDB000AB0C8 /* axes.scn in Resources */ = {isa = PBXBuildFile; fileRef = 0E22542E2B970FDB000AB0C8 /* axes.scn */; };
		0E2254312B971E16000AB0C8 /* Utilities.swift in Sources */ = {isa = PBXBuildFile; fileRef = 0E2254302B971E16000AB0C8 /* Utilities.swift */; };
		0E943C3B2BCD6074008F7C39 /* LaunchScreen.storyboard in Resources */ = {isa = PBXBuildFile; fileRef = 0E943C392BCD6074008F7C39 /* LaunchScreen.storyboard */; };
		0E98B9E52BDF124200B88CA5 /* CalibrationUtils.swift in Sources */ = {isa = PBXBuildFile; fileRef = 0E98B9E42BDF124200B88CA5 /* CalibrationUtils.swift */; };
		0EC40D222BB2D437000DA1B3 /* AREyeTracker.swift in Sources */ = {isa = PBXBuildFile; fileRef = 0EC40D212BB2D437000DA1B3 /* AREyeTracker.swift */; };
		0EDA7C532BC5410800F62374 /* Device.swift in Sources */ = {isa = PBXBuildFile; fileRef = 0EDA7C522BC5410800F62374 /* Device.swift */; };
		0EF1995F2BD65FE300E49F95 /* CalibrationScene.swift in Sources */ = {isa = PBXBuildFile; fileRef = 0EF1995E2BD65FE300E49F95 /* CalibrationScene.swift */; };
/* End PBXBuildFile section */

/* Begin PBXContainerItemProxy section */
		0E1BD2AE2B96256600D44FED /* PBXContainerItemProxy */ = {
			isa = PBXContainerItemProxy;
			containerPortal = 0E1BD2932B96256400D44FED /* Project object */;
			proxyType = 1;
			remoteGlobalIDString = 0E1BD29A2B96256400D44FED;
			remoteInfo = EyeTracker;
		};
		0E1BD2B82B96256600D44FED /* PBXContainerItemProxy */ = {
			isa = PBXContainerItemProxy;
			containerPortal = 0E1BD2932B96256400D44FED /* Project object */;
			proxyType = 1;
			remoteGlobalIDString = 0E1BD29A2B96256400D44FED;
			remoteInfo = EyeTracker;
		};
/* End PBXContainerItemProxy section */

/* Begin PBXFileReference section */
		0E1BD29B2B96256400D44FED /* EyeTracker.app */ = {isa = PBXFileReference; explicitFileType = wrapper.application; includeInIndex = 0; path = EyeTracker.app; sourceTree = BUILT_PRODUCTS_DIR; };
		0E1BD29E2B96256400D44FED /* AppDelegate.swift */ = {isa = PBXFileReference; lastKnownFileType = sourcecode.swift; path = AppDelegate.swift; sourceTree = "<group>"; };
		0E1BD2A22B96256400D44FED /* ViewController.swift */ = {isa = PBXFileReference; lastKnownFileType = sourcecode.swift; path = ViewController.swift; sourceTree = "<group>"; };
		0E1BD2A52B96256400D44FED /* Base */ = {isa = PBXFileReference; lastKnownFileType = file.storyboard; name = Base; path = Base.lproj/Main.storyboard; sourceTree = "<group>"; };
		0E1BD2A72B96256600D44FED /* Assets.xcassets */ = {isa = PBXFileReference; lastKnownFileType = folder.assetcatalog; path = Assets.xcassets; sourceTree = "<group>"; };
		0E1BD2AD2B96256600D44FED /* EyeTrackerTests.xctest */ = {isa = PBXFileReference; explicitFileType = wrapper.cfbundle; includeInIndex = 0; path = EyeTrackerTests.xctest; sourceTree = BUILT_PRODUCTS_DIR; };
		0E1BD2B12B96256600D44FED /* EyeTrackerTests.swift */ = {isa = PBXFileReference; lastKnownFileType = sourcecode.swift; path = EyeTrackerTests.swift; sourceTree = "<group>"; };
		0E1BD2B72B96256600D44FED /* EyeTrackerUITests.xctest */ = {isa = PBXFileReference; explicitFileType = wrapper.cfbundle; includeInIndex = 0; path = EyeTrackerUITests.xctest; sourceTree = BUILT_PRODUCTS_DIR; };
		0E1BD2BB2B96256600D44FED /* EyeTrackerUITests.swift */ = {isa = PBXFileReference; lastKnownFileType = sourcecode.swift; path = EyeTrackerUITests.swift; sourceTree = "<group>"; };
		0E1BD2BD2B96256600D44FED /* EyeTrackerUITestsLaunchTests.swift */ = {isa = PBXFileReference; lastKnownFileType = sourcecode.swift; path = EyeTrackerUITestsLaunchTests.swift; sourceTree = "<group>"; };
		0E22542E2B970FDB000AB0C8 /* axes.scn */ = {isa = PBXFileReference; lastKnownFileType = file.bplist; path = axes.scn; sourceTree = "<group>"; };
		0E2254302B971E16000AB0C8 /* Utilities.swift */ = {isa = PBXFileReference; lastKnownFileType = sourcecode.swift; path = Utilities.swift; sourceTree = "<group>"; };
		0E943C3A2BCD6074008F7C39 /* Base */ = {isa = PBXFileReference; lastKnownFileType = file.storyboard; name = Base; path = Base.lproj/LaunchScreen.storyboard; sourceTree = "<group>"; };
		0E98B9E42BDF124200B88CA5 /* CalibrationUtils.swift */ = {isa = PBXFileReference; lastKnownFileType = sourcecode.swift; path = CalibrationUtils.swift; sourceTree = "<group>"; };
		0EC40D212BB2D437000DA1B3 /* AREyeTracker.swift */ = {isa = PBXFileReference; lastKnownFileType = sourcecode.swift; path = AREyeTracker.swift; sourceTree = "<group>"; };
		0EDA7C522BC5410800F62374 /* Device.swift */ = {isa = PBXFileReference; lastKnownFileType = sourcecode.swift; path = Device.swift; sourceTree = "<group>"; };
		0EF1995E2BD65FE300E49F95 /* CalibrationScene.swift */ = {isa = PBXFileReference; lastKnownFileType = sourcecode.swift; path = CalibrationScene.swift; sourceTree = "<group>"; };
/* End PBXFileReference section */

/* Begin PBXFrameworksBuildPhase section */
		0E1BD2982B96256400D44FED /* Frameworks */ = {
			isa = PBXFrameworksBuildPhase;
			buildActionMask = 2147483647;
			files = (
			);
			runOnlyForDeploymentPostprocessing = 0;
		};
		0E1BD2AA2B96256600D44FED /* Frameworks */ = {
			isa = PBXFrameworksBuildPhase;
			buildActionMask = 2147483647;
			files = (
			);
			runOnlyForDeploymentPostprocessing = 0;
		};
		0E1BD2B42B96256600D44FED /* Frameworks */ = {
			isa = PBXFrameworksBuildPhase;
			buildActionMask = 2147483647;
			files = (
			);
			runOnlyForDeploymentPostprocessing = 0;
		};
/* End PBXFrameworksBuildPhase section */

/* Begin PBXGroup section */
		0E1BD2922B96256400D44FED = {
			isa = PBXGroup;
			children = (
				0E1BD29D2B96256400D44FED /* EyeTracker */,
				0E1BD2B02B96256600D44FED /* EyeTrackerTests */,
				0E1BD2BA2B96256600D44FED /* EyeTrackerUITests */,
				0E1BD29C2B96256400D44FED /* Products */,
			);
			sourceTree = "<group>";
		};
		0E1BD29C2B96256400D44FED /* Products */ = {
			isa = PBXGroup;
			children = (
				0E1BD29B2B96256400D44FED /* EyeTracker.app */,
				0E1BD2AD2B96256600D44FED /* EyeTrackerTests.xctest */,
				0E1BD2B72B96256600D44FED /* EyeTrackerUITests.xctest */,
			);
			name = Products;
			sourceTree = "<group>";
		};
		0E1BD29D2B96256400D44FED /* EyeTracker */ = {
			isa = PBXGroup;
			children = (
				0EBB14CE2BE0DB500021A6E2 /* Calibration */,
				0E98B9E32BDF121D00B88CA5 /* Assets */,
				0E98B9E12BDF11F500B88CA5 /* Storyboards */,
				0E1BD29E2B96256400D44FED /* AppDelegate.swift */,
				0E1BD2A22B96256400D44FED /* ViewController.swift */,
				0E2254302B971E16000AB0C8 /* Utilities.swift */,
				0EC40D212BB2D437000DA1B3 /* AREyeTracker.swift */,
				0EDA7C522BC5410800F62374 /* Device.swift */,
			);
			path = EyeTracker;
			sourceTree = "<group>";
		};
		0E1BD2B02B96256600D44FED /* EyeTrackerTests */ = {
			isa = PBXGroup;
			children = (
				0E1BD2B12B96256600D44FED /* EyeTrackerTests.swift */,
			);
			path = EyeTrackerTests;
			sourceTree = "<group>";
		};
		0E1BD2BA2B96256600D44FED /* EyeTrackerUITests */ = {
			isa = PBXGroup;
			children = (
				0E1BD2BB2B96256600D44FED /* EyeTrackerUITests.swift */,
				0E1BD2BD2B96256600D44FED /* EyeTrackerUITestsLaunchTests.swift */,
			);
			path = EyeTrackerUITests;
			sourceTree = "<group>";
		};
		0E98B9E12BDF11F500B88CA5 /* Storyboards */ = {
			isa = PBXGroup;
			children = (
				0E943C392BCD6074008F7C39 /* LaunchScreen.storyboard */,
				0E1BD2A42B96256400D44FED /* Main.storyboard */,
			);
			name = Storyboards;
			sourceTree = "<group>";
		};
		0E98B9E32BDF121D00B88CA5 /* Assets */ = {
			isa = PBXGroup;
			children = (
				0E1BD2A72B96256600D44FED /* Assets.xcassets */,
				0E22542E2B970FDB000AB0C8 /* axes.scn */,
			);
			name = Assets;
			sourceTree = "<group>";
		};
		0EBB14CE2BE0DB500021A6E2 /* Calibration */ = {
			isa = PBXGroup;
			children = (
				0EF1995E2BD65FE300E49F95 /* CalibrationScene.swift */,
				0E98B9E42BDF124200B88CA5 /* CalibrationUtils.swift */,
			);
			name = Calibration;
			sourceTree = "<group>";
		};
/* End PBXGroup section */

/* Begin PBXNativeTarget section */
		0E1BD29A2B96256400D44FED /* EyeTracker */ = {
			isa = PBXNativeTarget;
			buildConfigurationList = 0E1BD2C12B96256600D44FED /* Build configuration list for PBXNativeTarget "EyeTracker" */;
			buildPhases = (
				0E1BD2972B96256400D44FED /* Sources */,
				0E1BD2982B96256400D44FED /* Frameworks */,
				0E1BD2992B96256400D44FED /* Resources */,
			);
			buildRules = (
			);
			dependencies = (
			);
			name = EyeTracker;
			productName = EyeTracker;
			productReference = 0E1BD29B2B96256400D44FED /* EyeTracker.app */;
			productType = "com.apple.product-type.application";
		};
		0E1BD2AC2B96256600D44FED /* EyeTrackerTests */ = {
			isa = PBXNativeTarget;
			buildConfigurationList = 0E1BD2C42B96256600D44FED /* Build configuration list for PBXNativeTarget "EyeTrackerTests" */;
			buildPhases = (
				0E1BD2A92B96256600D44FED /* Sources */,
				0E1BD2AA2B96256600D44FED /* Frameworks */,
				0E1BD2AB2B96256600D44FED /* Resources */,
			);
			buildRules = (
			);
			dependencies = (
				0E1BD2AF2B96256600D44FED /* PBXTargetDependency */,
			);
			name = EyeTrackerTests;
			productName = EyeTrackerTests;
			productReference = 0E1BD2AD2B96256600D44FED /* EyeTrackerTests.xctest */;
			productType = "com.apple.product-type.bundle.unit-test";
		};
		0E1BD2B62B96256600D44FED /* EyeTrackerUITests */ = {
			isa = PBXNativeTarget;
			buildConfigurationList = 0E1BD2C72B96256600D44FED /* Build configuration list for PBXNativeTarget "EyeTrackerUITests" */;
			buildPhases = (
				0E1BD2B32B96256600D44FED /* Sources */,
				0E1BD2B42B96256600D44FED /* Frameworks */,
				0E1BD2B52B96256600D44FED /* Resources */,
			);
			buildRules = (
			);
			dependencies = (
				0E1BD2B92B96256600D44FED /* PBXTargetDependency */,
			);
			name = EyeTrackerUITests;
			productName = EyeTrackerUITests;
			productReference = 0E1BD2B72B96256600D44FED /* EyeTrackerUITests.xctest */;
			productType = "com.apple.product-type.bundle.ui-testing";
		};
/* End PBXNativeTarget section */

/* Begin PBXProject section */
		0E1BD2932B96256400D44FED /* Project object */ = {
			isa = PBXProject;
			attributes = {
				BuildIndependentTargetsInParallel = 1;
				LastSwiftUpdateCheck = 1520;
				LastUpgradeCheck = 1520;
				TargetAttributes = {
					0E1BD29A2B96256400D44FED = {
						CreatedOnToolsVersion = 15.2;
					};
					0E1BD2AC2B96256600D44FED = {
						CreatedOnToolsVersion = 15.2;
						TestTargetID = 0E1BD29A2B96256400D44FED;
					};
					0E1BD2B62B96256600D44FED = {
						CreatedOnToolsVersion = 15.2;
						TestTargetID = 0E1BD29A2B96256400D44FED;
					};
				};
			};
			buildConfigurationList = 0E1BD2962B96256400D44FED /* Build configuration list for PBXProject "EyeTracker" */;
			compatibilityVersion = "Xcode 14.0";
			developmentRegion = en;
			hasScannedForEncodings = 0;
			knownRegions = (
				en,
				Base,
			);
			mainGroup = 0E1BD2922B96256400D44FED;
			productRefGroup = 0E1BD29C2B96256400D44FED /* Products */;
			projectDirPath = "";
			projectRoot = "";
			targets = (
				0E1BD29A2B96256400D44FED /* EyeTracker */,
				0E1BD2AC2B96256600D44FED /* EyeTrackerTests */,
				0E1BD2B62B96256600D44FED /* EyeTrackerUITests */,
			);
		};
/* End PBXProject section */

/* Begin PBXResourcesBuildPhase section */
		0E1BD2992B96256400D44FED /* Resources */ = {
			isa = PBXResourcesBuildPhase;
			buildActionMask = 2147483647;
			files = (
				0E1BD2A82B96256600D44FED /* Assets.xcassets in Resources */,
				0E943C3B2BCD6074008F7C39 /* LaunchScreen.storyboard in Resources */,
				0E1BD2A62B96256400D44FED /* Main.storyboard in Resources */,
				0E22542F2B970FDB000AB0C8 /* axes.scn in Resources */,
			);
			runOnlyForDeploymentPostprocessing = 0;
		};
		0E1BD2AB2B96256600D44FED /* Resources */ = {
			isa = PBXResourcesBuildPhase;
			buildActionMask = 2147483647;
			files = (
			);
			runOnlyForDeploymentPostprocessing = 0;
		};
		0E1BD2B52B96256600D44FED /* Resources */ = {
			isa = PBXResourcesBuildPhase;
			buildActionMask = 2147483647;
			files = (
			);
			runOnlyForDeploymentPostprocessing = 0;
		};
/* End PBXResourcesBuildPhase section */

/* Begin PBXSourcesBuildPhase section */
		0E1BD2972B96256400D44FED /* Sources */ = {
			isa = PBXSourcesBuildPhase;
			buildActionMask = 2147483647;
			files = (
				0E98B9E52BDF124200B88CA5 /* CalibrationUtils.swift in Sources */,
				0E2254312B971E16000AB0C8 /* Utilities.swift in Sources */,
				0E1BD2A32B96256400D44FED /* ViewController.swift in Sources */,
				0EC40D222BB2D437000DA1B3 /* AREyeTracker.swift in Sources */,
				0E1BD29F2B96256400D44FED /* AppDelegate.swift in Sources */,
				0EF1995F2BD65FE300E49F95 /* CalibrationScene.swift in Sources */,
				0EDA7C532BC5410800F62374 /* Device.swift in Sources */,
			);
			runOnlyForDeploymentPostprocessing = 0;
		};
		0E1BD2A92B96256600D44FED /* Sources */ = {
			isa = PBXSourcesBuildPhase;
			buildActionMask = 2147483647;
			files = (
				0E1BD2B22B96256600D44FED /* EyeTrackerTests.swift in Sources */,
			);
			runOnlyForDeploymentPostprocessing = 0;
		};
		0E1BD2B32B96256600D44FED /* Sources */ = {
			isa = PBXSourcesBuildPhase;
			buildActionMask = 2147483647;
			files = (
				0E1BD2BC2B96256600D44FED /* EyeTrackerUITests.swift in Sources */,
				0E1BD2BE2B96256600D44FED /* EyeTrackerUITestsLaunchTests.swift in Sources */,
			);
			runOnlyForDeploymentPostprocessing = 0;
		};
/* End PBXSourcesBuildPhase section */

/* Begin PBXTargetDependency section */
		0E1BD2AF2B96256600D44FED /* PBXTargetDependency */ = {
			isa = PBXTargetDependency;
			target = 0E1BD29A2B96256400D44FED /* EyeTracker */;
			targetProxy = 0E1BD2AE2B96256600D44FED /* PBXContainerItemProxy */;
		};
		0E1BD2B92B96256600D44FED /* PBXTargetDependency */ = {
			isa = PBXTargetDependency;
			target = 0E1BD29A2B96256400D44FED /* EyeTracker */;
			targetProxy = 0E1BD2B82B96256600D44FED /* PBXContainerItemProxy */;
		};
/* End PBXTargetDependency section */

/* Begin PBXVariantGroup section */
		0E1BD2A42B96256400D44FED /* Main.storyboard */ = {
			isa = PBXVariantGroup;
			children = (
				0E1BD2A52B96256400D44FED /* Base */,
			);
			name = Main.storyboard;
			sourceTree = "<group>";
		};
		0E943C392BCD6074008F7C39 /* LaunchScreen.storyboard */ = {
			isa = PBXVariantGroup;
			children = (
				0E943C3A2BCD6074008F7C39 /* Base */,
			);
			name = LaunchScreen.storyboard;
			sourceTree = "<group>";
		};
/* End PBXVariantGroup section */

/* Begin XCBuildConfiguration section */
		0E1BD2BF2B96256600D44FED /* Debug */ = {
			isa = XCBuildConfiguration;
			buildSettings = {
				ALWAYS_SEARCH_USER_PATHS = NO;
				ASSETCATALOG_COMPILER_GENERATE_SWIFT_ASSET_SYMBOL_EXTENSIONS = YES;
				CLANG_ANALYZER_NONNULL = YES;
				CLANG_ANALYZER_NUMBER_OBJECT_CONVERSION = YES_AGGRESSIVE;
				CLANG_CXX_LANGUAGE_STANDARD = "gnu++20";
				CLANG_ENABLE_MODULES = YES;
				CLANG_ENABLE_OBJC_ARC = YES;
				CLANG_ENABLE_OBJC_WEAK = YES;
				CLANG_WARN_BLOCK_CAPTURE_AUTORELEASING = YES;
				CLANG_WARN_BOOL_CONVERSION = YES;
				CLANG_WARN_COMMA = YES;
				CLANG_WARN_CONSTANT_CONVERSION = YES;
				CLANG_WARN_DEPRECATED_OBJC_IMPLEMENTATIONS = YES;
				CLANG_WARN_DIRECT_OBJC_ISA_USAGE = YES_ERROR;
				CLANG_WARN_DOCUMENTATION_COMMENTS = YES;
				CLANG_WARN_EMPTY_BODY = YES;
				CLANG_WARN_ENUM_CONVERSION = YES;
				CLANG_WARN_INFINITE_RECURSION = YES;
				CLANG_WARN_INT_CONVERSION = YES;
				CLANG_WARN_NON_LITERAL_NULL_CONVERSION = YES;
				CLANG_WARN_OBJC_IMPLICIT_RETAIN_SELF = YES;
				CLANG_WARN_OBJC_LITERAL_CONVERSION = YES;
				CLANG_WARN_OBJC_ROOT_CLASS = YES_ERROR;
				CLANG_WARN_QUOTED_INCLUDE_IN_FRAMEWORK_HEADER = YES;
				CLANG_WARN_RANGE_LOOP_ANALYSIS = YES;
				CLANG_WARN_STRICT_PROTOTYPES = YES;
				CLANG_WARN_SUSPICIOUS_MOVE = YES;
				CLANG_WARN_UNGUARDED_AVAILABILITY = YES_AGGRESSIVE;
				CLANG_WARN_UNREACHABLE_CODE = YES;
				CLANG_WARN__DUPLICATE_METHOD_MATCH = YES;
				COPY_PHASE_STRIP = NO;
				DEBUG_INFORMATION_FORMAT = dwarf;
				ENABLE_STRICT_OBJC_MSGSEND = YES;
				ENABLE_TESTABILITY = YES;
				ENABLE_USER_SCRIPT_SANDBOXING = YES;
				GCC_C_LANGUAGE_STANDARD = gnu17;
				GCC_DYNAMIC_NO_PIC = NO;
				GCC_NO_COMMON_BLOCKS = YES;
				GCC_OPTIMIZATION_LEVEL = 0;
				GCC_PREPROCESSOR_DEFINITIONS = (
					"DEBUG=1",
					"$(inherited)",
				);
				GCC_WARN_64_TO_32_BIT_CONVERSION = YES;
				GCC_WARN_ABOUT_RETURN_TYPE = YES_ERROR;
				GCC_WARN_UNDECLARED_SELECTOR = YES;
				GCC_WARN_UNINITIALIZED_AUTOS = YES_AGGRESSIVE;
				GCC_WARN_UNUSED_FUNCTION = YES;
				GCC_WARN_UNUSED_VARIABLE = YES;
				INFOPLIST_KEY_UILaunchStoryboardName = LaunchScreen;
				IPHONEOS_DEPLOYMENT_TARGET = 17.2;
				LOCALIZATION_PREFERS_STRING_CATALOGS = YES;
				MTL_ENABLE_DEBUG_INFO = INCLUDE_SOURCE;
				MTL_FAST_MATH = YES;
				ONLY_ACTIVE_ARCH = YES;
				SDKROOT = iphoneos;
				SWIFT_ACTIVE_COMPILATION_CONDITIONS = "DEBUG $(inherited)";
				SWIFT_OPTIMIZATION_LEVEL = "-Onone";
				TARGETED_DEVICE_FAMILY = 2;
			};
			name = Debug;
		};
		0E1BD2C02B96256600D44FED /* Release */ = {
			isa = XCBuildConfiguration;
			buildSettings = {
				ALWAYS_SEARCH_USER_PATHS = NO;
				ASSETCATALOG_COMPILER_GENERATE_SWIFT_ASSET_SYMBOL_EXTENSIONS = YES;
				CLANG_ANALYZER_NONNULL = YES;
				CLANG_ANALYZER_NUMBER_OBJECT_CONVERSION = YES_AGGRESSIVE;
				CLANG_CXX_LANGUAGE_STANDARD = "gnu++20";
				CLANG_ENABLE_MODULES = YES;
				CLANG_ENABLE_OBJC_ARC = YES;
				CLANG_ENABLE_OBJC_WEAK = YES;
				CLANG_WARN_BLOCK_CAPTURE_AUTORELEASING = YES;
				CLANG_WARN_BOOL_CONVERSION = YES;
				CLANG_WARN_COMMA = YES;
				CLANG_WARN_CONSTANT_CONVERSION = YES;
				CLANG_WARN_DEPRECATED_OBJC_IMPLEMENTATIONS = YES;
				CLANG_WARN_DIRECT_OBJC_ISA_USAGE = YES_ERROR;
				CLANG_WARN_DOCUMENTATION_COMMENTS = YES;
				CLANG_WARN_EMPTY_BODY = YES;
				CLANG_WARN_ENUM_CONVERSION = YES;
				CLANG_WARN_INFINITE_RECURSION = YES;
				CLANG_WARN_INT_CONVERSION = YES;
				CLANG_WARN_NON_LITERAL_NULL_CONVERSION = YES;
				CLANG_WARN_OBJC_IMPLICIT_RETAIN_SELF = YES;
				CLANG_WARN_OBJC_LITERAL_CONVERSION = YES;
				CLANG_WARN_OBJC_ROOT_CLASS = YES_ERROR;
				CLANG_WARN_QUOTED_INCLUDE_IN_FRAMEWORK_HEADER = YES;
				CLANG_WARN_RANGE_LOOP_ANALYSIS = YES;
				CLANG_WARN_STRICT_PROTOTYPES = YES;
				CLANG_WARN_SUSPICIOUS_MOVE = YES;
				CLANG_WARN_UNGUARDED_AVAILABILITY = YES_AGGRESSIVE;
				CLANG_WARN_UNREACHABLE_CODE = YES;
				CLANG_WARN__DUPLICATE_METHOD_MATCH = YES;
				COPY_PHASE_STRIP = NO;
				DEBUG_INFORMATION_FORMAT = "dwarf-with-dsym";
				ENABLE_NS_ASSERTIONS = NO;
				ENABLE_STRICT_OBJC_MSGSEND = YES;
				ENABLE_USER_SCRIPT_SANDBOXING = YES;
				GCC_C_LANGUAGE_STANDARD = gnu17;
				GCC_NO_COMMON_BLOCKS = YES;
				GCC_WARN_64_TO_32_BIT_CONVERSION = YES;
				GCC_WARN_ABOUT_RETURN_TYPE = YES_ERROR;
				GCC_WARN_UNDECLARED_SELECTOR = YES;
				GCC_WARN_UNINITIALIZED_AUTOS = YES_AGGRESSIVE;
				GCC_WARN_UNUSED_FUNCTION = YES;
				GCC_WARN_UNUSED_VARIABLE = YES;
				INFOPLIST_KEY_UILaunchStoryboardName = LaunchScreen;
				IPHONEOS_DEPLOYMENT_TARGET = 17.2;
				LOCALIZATION_PREFERS_STRING_CATALOGS = YES;
				MTL_ENABLE_DEBUG_INFO = NO;
				MTL_FAST_MATH = YES;
				SDKROOT = iphoneos;
				SWIFT_COMPILATION_MODE = wholemodule;
				TARGETED_DEVICE_FAMILY = 2;
				VALIDATE_PRODUCT = YES;
			};
			name = Release;
		};
		0E1BD2C22B96256600D44FED /* Debug */ = {
			isa = XCBuildConfiguration;
			buildSettings = {
				ASSETCATALOG_COMPILER_APPICON_NAME = AppIcon;
				ASSETCATALOG_COMPILER_GLOBAL_ACCENT_COLOR_NAME = AccentColor;
				CODE_SIGN_STYLE = Automatic;
				CURRENT_PROJECT_VERSION = 1;
				DEVELOPMENT_TEAM = 2W5RDUBXCA;
				GENERATE_INFOPLIST_FILE = YES;
				INFOPLIST_KEY_NSCameraUsageDescription = "";
				INFOPLIST_KEY_UIApplicationSupportsIndirectInputEvents = YES;
				INFOPLIST_KEY_UILaunchStoryboardName = LaunchScreen;
				INFOPLIST_KEY_UIMainStoryboardFile = Main;
				INFOPLIST_KEY_UIRequiredDeviceCapabilities = arkit;
				INFOPLIST_KEY_UIRequiresFullScreen = YES;
				INFOPLIST_KEY_UIStatusBarHidden = YES;
				INFOPLIST_KEY_UISupportedInterfaceOrientations_iPad = "UIInterfaceOrientationPortrait UIInterfaceOrientationPortraitUpsideDown UIInterfaceOrientationLandscapeLeft UIInterfaceOrientationLandscapeRight";
				INFOPLIST_KEY_UISupportedInterfaceOrientations_iPhone = "UIInterfaceOrientationPortrait UIInterfaceOrientationLandscapeLeft UIInterfaceOrientationLandscapeRight";
				INFOPLIST_KEY_UISupportsDocumentBrowser = YES;
				LD_RUNPATH_SEARCH_PATHS = (
					"$(inherited)",
					"@executable_path/Frameworks",
				);
				MARKETING_VERSION = 1.0;
				PRODUCT_BUNDLE_IDENTIFIER = xyz.ctorvi.EyeTracker;
				PRODUCT_NAME = "$(TARGET_NAME)";
				SWIFT_EMIT_LOC_STRINGS = YES;
				SWIFT_VERSION = 5.0;
				TARGETED_DEVICE_FAMILY = 2;
			};
			name = Debug;
		};
		0E1BD2C32B96256600D44FED /* Release */ = {
			isa = XCBuildConfiguration;
			buildSettings = {
				ASSETCATALOG_COMPILER_APPICON_NAME = AppIcon;
				ASSETCATALOG_COMPILER_GLOBAL_ACCENT_COLOR_NAME = AccentColor;
				CODE_SIGN_STYLE = Automatic;
				CURRENT_PROJECT_VERSION = 1;
				DEVELOPMENT_TEAM = 2W5RDUBXCA;
				GENERATE_INFOPLIST_FILE = YES;
				INFOPLIST_KEY_NSCameraUsageDescription = "";
				INFOPLIST_KEY_UIApplicationSupportsIndirectInputEvents = YES;
				INFOPLIST_KEY_UILaunchStoryboardName = LaunchScreen;
				INFOPLIST_KEY_UIMainStoryboardFile = Main;
				INFOPLIST_KEY_UIRequiredDeviceCapabilities = arkit;
				INFOPLIST_KEY_UIRequiresFullScreen = YES;
				INFOPLIST_KEY_UIStatusBarHidden = YES;
				INFOPLIST_KEY_UISupportedInterfaceOrientations_iPad = "UIInterfaceOrientationPortrait UIInterfaceOrientationPortraitUpsideDown UIInterfaceOrientationLandscapeLeft UIInterfaceOrientationLandscapeRight";
				INFOPLIST_KEY_UISupportedInterfaceOrientations_iPhone = "UIInterfaceOrientationPortrait UIInterfaceOrientationLandscapeLeft UIInterfaceOrientationLandscapeRight";
				INFOPLIST_KEY_UISupportsDocumentBrowser = YES;
				LD_RUNPATH_SEARCH_PATHS = (
					"$(inherited)",
					"@executable_path/Frameworks",
				);
				MARKETING_VERSION = 1.0;
				PRODUCT_BUNDLE_IDENTIFIER = xyz.ctorvi.EyeTracker;
				PRODUCT_NAME = "$(TARGET_NAME)";
				SWIFT_EMIT_LOC_STRINGS = YES;
				SWIFT_VERSION = 5.0;
				TARGETED_DEVICE_FAMILY = 2;
			};
			name = Release;
		};
		0E1BD2C52B96256600D44FED /* Debug */ = {
			isa = XCBuildConfiguration;
			buildSettings = {
				ALWAYS_EMBED_SWIFT_STANDARD_LIBRARIES = YES;
				BUNDLE_LOADER = "$(TEST_HOST)";
				CODE_SIGN_STYLE = Automatic;
				CURRENT_PROJECT_VERSION = 1;
				DEVELOPMENT_TEAM = 2W5RDUBXCA;
				GENERATE_INFOPLIST_FILE = YES;
				IPHONEOS_DEPLOYMENT_TARGET = 17.2;
				MARKETING_VERSION = 1.0;
				PRODUCT_BUNDLE_IDENTIFIER = xyz.ctorvi.EyeTrackerTests;
				PRODUCT_NAME = "$(TARGET_NAME)";
				SWIFT_EMIT_LOC_STRINGS = NO;
				SWIFT_VERSION = 5.0;
				TARGETED_DEVICE_FAMILY = "1,2";
				TEST_HOST = "$(BUILT_PRODUCTS_DIR)/EyeTracker.app/$(BUNDLE_EXECUTABLE_FOLDER_PATH)/EyeTracker";
			};
			name = Debug;
		};
		0E1BD2C62B96256600D44FED /* Release */ = {
			isa = XCBuildConfiguration;
			buildSettings = {
				ALWAYS_EMBED_SWIFT_STANDARD_LIBRARIES = YES;
				BUNDLE_LOADER = "$(TEST_HOST)";
				CODE_SIGN_STYLE = Automatic;
				CURRENT_PROJECT_VERSION = 1;
				DEVELOPMENT_TEAM = 2W5RDUBXCA;
				GENERATE_INFOPLIST_FILE = YES;
				IPHONEOS_DEPLOYMENT_TARGET = 17.2;
				MARKETING_VERSION = 1.0;
				PRODUCT_BUNDLE_IDENTIFIER = xyz.ctorvi.EyeTrackerTests;
				PRODUCT_NAME = "$(TARGET_NAME)";
				SWIFT_EMIT_LOC_STRINGS = NO;
				SWIFT_VERSION = 5.0;
				TARGETED_DEVICE_FAMILY = "1,2";
				TEST_HOST = "$(BUILT_PRODUCTS_DIR)/EyeTracker.app/$(BUNDLE_EXECUTABLE_FOLDER_PATH)/EyeTracker";
			};
			name = Release;
		};
		0E1BD2C82B96256600D44FED /* Debug */ = {
			isa = XCBuildConfiguration;
			buildSettings = {
				ALWAYS_EMBED_SWIFT_STANDARD_LIBRARIES = YES;
				CODE_SIGN_STYLE = Automatic;
				CURRENT_PROJECT_VERSION = 1;
				DEVELOPMENT_TEAM = 2W5RDUBXCA;
				GENERATE_INFOPLIST_FILE = YES;
				MARKETING_VERSION = 1.0;
				PRODUCT_BUNDLE_IDENTIFIER = xyz.ctorvi.EyeTrackerUITests;
				PRODUCT_NAME = "$(TARGET_NAME)";
				SWIFT_EMIT_LOC_STRINGS = NO;
				SWIFT_VERSION = 5.0;
				TARGETED_DEVICE_FAMILY = "1,2";
				TEST_TARGET_NAME = EyeTracker;
			};
			name = Debug;
		};
		0E1BD2C92B96256600D44FED /* Release */ = {
			isa = XCBuildConfiguration;
			buildSettings = {
				ALWAYS_EMBED_SWIFT_STANDARD_LIBRARIES = YES;
				CODE_SIGN_STYLE = Automatic;
				CURRENT_PROJECT_VERSION = 1;
				DEVELOPMENT_TEAM = 2W5RDUBXCA;
				GENERATE_INFOPLIST_FILE = YES;
				MARKETING_VERSION = 1.0;
				PRODUCT_BUNDLE_IDENTIFIER = xyz.ctorvi.EyeTrackerUITests;
				PRODUCT_NAME = "$(TARGET_NAME)";
				SWIFT_EMIT_LOC_STRINGS = NO;
				SWIFT_VERSION = 5.0;
				TARGETED_DEVICE_FAMILY = "1,2";
				TEST_TARGET_NAME = EyeTracker;
			};
			name = Release;
		};
/* End XCBuildConfiguration section */

/* Begin XCConfigurationList section */
		0E1BD2962B96256400D44FED /* Build configuration list for PBXProject "EyeTracker" */ = {
			isa = XCConfigurationList;
			buildConfigurations = (
				0E1BD2BF2B96256600D44FED /* Debug */,
				0E1BD2C02B96256600D44FED /* Release */,
			);
			defaultConfigurationIsVisible = 0;
			defaultConfigurationName = Release;
		};
		0E1BD2C12B96256600D44FED /* Build configuration list for PBXNativeTarget "EyeTracker" */ = {
			isa = XCConfigurationList;
			buildConfigurations = (
				0E1BD2C22B96256600D44FED /* Debug */,
				0E1BD2C32B96256600D44FED /* Release */,
			);
			defaultConfigurationIsVisible = 0;
			defaultConfigurationName = Release;
		};
		0E1BD2C42B96256600D44FED /* Build configuration list for PBXNativeTarget "EyeTrackerTests" */ = {
			isa = XCConfigurationList;
			buildConfigurations = (
				0E1BD2C52B96256600D44FED /* Debug */,
				0E1BD2C62B96256600D44FED /* Release */,
			);
			defaultConfigurationIsVisible = 0;
			defaultConfigurationName = Release;
		};
		0E1BD2C72B96256600D44FED /* Build configuration list for PBXNativeTarget "EyeTrackerUITests" */ = {
			isa = XCConfigurationList;
			buildConfigurations = (
				0E1BD2C82B96256600D44FED /* Debug */,
				0E1BD2C92B96256600D44FED /* Release */,
			);
			defaultConfigurationIsVisible = 0;
			defaultConfigurationName = Release;
		};
/* End XCConfigurationList section */
	};
	rootObject = 0E1BD2932B96256400D44FED /* Project object */;
}
